
Microsoft Visual Studio Solution File, Format Version 12.00
# Visual Studio Version 16
VisualStudioVersion = 16.0.32802.440
MinimumVisualStudioVersion = 10.0.40219.1
Project("{FAE04EC0-301F-11D3-BF4B-00C04F79EFBC}") = "Resume-builder", "Resume-builder\Resume-builder.csproj", "{DDA61587-1699-46BE-AB66-AB07449EEC22}"
EndProject
Global
	GlobalSection(SolutionConfigurationPlatforms) = preSolution
		Debug|Any CPU = Debug|Any CPU
		Release|Any CPU = Release|Any CPU
	EndGlobalSection
	GlobalSection(ProjectConfigurationPlatforms) = postSolution
		{DDA61587-1699-46BE-AB66-AB07449EEC22}.Debug|Any CPU.ActiveCfg = Debug|Any CPU
		{DDA61587-1699-46BE-AB66-AB07449EEC22}.Debug|Any CPU.Build.0 = Debug|Any CPU
		{DDA61587-1699-46BE-AB66-AB07449EEC22}.Release|Any CPU.ActiveCfg = Release|Any CPU
		{DDA61587-1699-46BE-AB66-AB07449EEC22}.Release|Any CPU.Build.0 = Release|Any CPU
	EndGlobalSection
	GlobalSection(SolutionProperties) = preSolution
		HideSolutionNode = FALSE
	EndGlobalSection
	GlobalSection(ExtensibilityGlobals) = postSolution
		SolutionGuid = {63EAA4BD-DBDA-411F-9AF8-C05071EAC556}
	EndGlobalSection
EndGlobal
